
Microsoft Visual Studio Solution File, Format Version 12.00
# Visual Studio Version 16
VisualStudioVersion = 16.0.31229.75
MinimumVisualStudioVersion = 10.0.40219.1
Project("{FAE04EC0-301F-11D3-BF4B-00C04F79EFBC}") = "TestProject2", "TestProject2\TestProject2.csproj", "{1BBC2A6E-B985-4ED5-9E48-F5960B0166C6}"
EndProject
Global
	GlobalSection(SolutionConfigurationPlatforms) = preSolution
		Debug|Any CPU = Debug|Any CPU
		Release|Any CPU = Release|Any CPU
	EndGlobalSection
	GlobalSection(ProjectConfigurationPlatforms) = postSolution
		{1BBC2A6E-B985-4ED5-9E48-F5960B0166C6}.Debug|Any CPU.ActiveCfg = Debug|Any CPU
		{1BBC2A6E-B985-4ED5-9E48-F5960B0166C6}.Debug|Any CPU.Build.0 = Debug|Any CPU
		{1BBC2A6E-B985-4ED5-9E48-F5960B0166C6}.Release|Any CPU.ActiveCfg = Release|Any CPU
		{1BBC2A6E-B985-4ED5-9E48-F5960B0166C6}.Release|Any CPU.Build.0 = Release|Any CPU
	EndGlobalSection
	GlobalSection(SolutionProperties) = preSolution
		HideSolutionNode = FALSE
	EndGlobalSection
	GlobalSection(ExtensibilityGlobals) = postSolution
		SolutionGuid = {2FE1221F-2918-44A1-836B-4BE514D75BA6}
	EndGlobalSection
EndGlobal
